
Microsoft Visual Studio Solution File, Format Version 12.00
# Visual Studio Version 17
VisualStudioVersion = 17.3.32901.215
MinimumVisualStudioVersion = 10.0.40219.1
Project("{FAE04EC0-301F-11D3-BF4B-00C04F79EFBC}") = "LoginScriptGUI2", "LoginScriptGUI2\LoginScriptGUI2.csproj", "{8367A76C-1A43-45BD-968F-58C6A3EB802E}"
EndProject
Global
	GlobalSection(SolutionConfigurationPlatforms) = preSolution
		Debug|Any CPU = Debug|Any CPU
		Release|Any CPU = Release|Any CPU
	EndGlobalSection
	GlobalSection(ProjectConfigurationPlatforms) = postSolution
		{8367A76C-1A43-45BD-968F-58C6A3EB802E}.Debug|Any CPU.ActiveCfg = Debug|Any CPU
		{8367A76C-1A43-45BD-968F-58C6A3EB802E}.Debug|Any CPU.Build.0 = Debug|Any CPU
		{8367A76C-1A43-45BD-968F-58C6A3EB802E}.Release|Any CPU.ActiveCfg = Release|Any CPU
		{8367A76C-1A43-45BD-968F-58C6A3EB802E}.Release|Any CPU.Build.0 = Release|Any CPU
	EndGlobalSection
	GlobalSection(SolutionProperties) = preSolution
		HideSolutionNode = FALSE
	EndGlobalSection
	GlobalSection(ExtensibilityGlobals) = postSolution
		SolutionGuid = {342BFA76-E9A6-44FE-ACBA-3B340A48BD83}
	EndGlobalSection
EndGlobal
